
Microsoft Visual Studio Solution File, Format Version 12.00
Project("{FAE04EC0-301F-11D3-BF4B-00C04F79EFBC}") = "DemoApp2024Fall", "DemoApp2024Fall\DemoApp2024Fall.csproj", "{A6C22F22-152D-4831-8541-C1C014ED0609}"
EndProject
Global
	GlobalSection(SolutionConfigurationPlatforms) = preSolution
		Debug|Any CPU = Debug|Any CPU
		Release|Any CPU = Release|Any CPU
	EndGlobalSection
	GlobalSection(ProjectConfigurationPlatforms) = postSolution
		{A6C22F22-152D-4831-8541-C1C014ED0609}.Debug|Any CPU.ActiveCfg = Debug|Any CPU
		{A6C22F22-152D-4831-8541-C1C014ED0609}.Debug|Any CPU.Build.0 = Debug|Any CPU
		{A6C22F22-152D-4831-8541-C1C014ED0609}.Release|Any CPU.ActiveCfg = Release|Any CPU
		{A6C22F22-152D-4831-8541-C1C014ED0609}.Release|Any CPU.Build.0 = Release|Any CPU
	EndGlobalSection
EndGlobal
